
Microsoft Visual Studio Solution File, Format Version 12.00
# Visual Studio Version 16
VisualStudioVersion = 16.0.34729.46
MinimumVisualStudioVersion = 10.0.40219.1
Project("{FAE04EC0-301F-11D3-BF4B-00C04F79EFBC}") = "TryCatchAssignment", "TryCatchAssignment\TryCatchAssignment.csproj", "{DDA55079-88BF-4046-B6A2-3F40E110D76A}"
EndProject
Global
	GlobalSection(SolutionConfigurationPlatforms) = preSolution
		Debug|Any CPU = Debug|Any CPU
		Release|Any CPU = Release|Any CPU
	EndGlobalSection
	GlobalSection(ProjectConfigurationPlatforms) = postSolution
		{DDA55079-88BF-4046-B6A2-3F40E110D76A}.Debug|Any CPU.ActiveCfg = Debug|Any CPU
		{DDA55079-88BF-4046-B6A2-3F40E110D76A}.Debug|Any CPU.Build.0 = Debug|Any CPU
		{DDA55079-88BF-4046-B6A2-3F40E110D76A}.Release|Any CPU.ActiveCfg = Release|Any CPU
		{DDA55079-88BF-4046-B6A2-3F40E110D76A}.Release|Any CPU.Build.0 = Release|Any CPU
	EndGlobalSection
	GlobalSection(SolutionProperties) = preSolution
		HideSolutionNode = FALSE
	EndGlobalSection
	GlobalSection(ExtensibilityGlobals) = postSolution
		SolutionGuid = {EF0EC099-9EC2-4724-9BE3-DB41828EBF27}
	EndGlobalSection
EndGlobal
